
Microsoft Visual Studio Solution File, Format Version 11.00
# Visual Studio 2010
Project("{FAE04EC0-301F-11D3-BF4B-00C04F79EFBC}") = "Zenject", "Zenject.csproj", "{6d88bd42-770e-0c4f-ab04-41ebe575202a}"
EndProject
Project("{FAE04EC0-301F-11D3-BF4B-00C04F79EFBC}") = "Assembly-CSharp", "Assembly-CSharp.csproj", "{a923fe0c-bc51-835c-a5b5-29404f82c3ac}"
EndProject
Project("{FAE04EC0-301F-11D3-BF4B-00C04F79EFBC}") = "Zenject-UnitTests-Editor", "Zenject-UnitTests-Editor.csproj", "{10711081-cb1e-8043-ccf5-0aa4e78ed34a}"
EndProject
Project("{FAE04EC0-301F-11D3-BF4B-00C04F79EFBC}") = "Zenject-IntegrationTests", "Zenject-IntegrationTests.csproj", "{fe018bab-9d82-f5dd-79ca-1e290d783e96}"
EndProject
Project("{FAE04EC0-301F-11D3-BF4B-00C04F79EFBC}") = "Zenject-IntegrationTests-Editor", "Zenject-IntegrationTests-Editor.csproj", "{e76bf716-8cab-1385-15bf-a73e16fc3eb0}"
EndProject
Project("{FAE04EC0-301F-11D3-BF4B-00C04F79EFBC}") = "Zenject-ReflectionBaking-Editor", "Zenject-ReflectionBaking-Editor.csproj", "{44e6a57d-fdb0-fc65-25a1-a0bf50cafc01}"
EndProject
Project("{FAE04EC0-301F-11D3-BF4B-00C04F79EFBC}") = "Zenject-Editor", "Zenject-Editor.csproj", "{7540ec71-31c5-ea59-ce97-678297dd4bda}"
EndProject
Project("{FAE04EC0-301F-11D3-BF4B-00C04F79EFBC}") = "Zenject-TestFramework", "Zenject-TestFramework.csproj", "{08c05a9b-257d-ee4d-06c4-d5df74b8359f}"
EndProject
Project("{FAE04EC0-301F-11D3-BF4B-00C04F79EFBC}") = "Zenject-PoolMonitor-Editor", "Zenject-PoolMonitor-Editor.csproj", "{5c98230e-90c1-f5a5-3db6-eb86795b58ba}"
EndProject
Project("{FAE04EC0-301F-11D3-BF4B-00C04F79EFBC}") = "Assembly-CSharp-firstpass", "Assembly-CSharp-firstpass.csproj", "{b07f858e-659c-f722-8cd1-94e5da519ea9}"
EndProject
Project("{FAE04EC0-301F-11D3-BF4B-00C04F79EFBC}") = "Assembly-CSharp-Editor", "Assembly-CSharp-Editor.csproj", "{01bb003f-4beb-12ce-8bbb-1378bd8966fc}"
EndProject
Global
	GlobalSection(SolutionConfigurationPlatforms) = preSolution
		Debug|Any CPU = Debug|Any CPU
	EndGlobalSection
	GlobalSection(ProjectConfigurationPlatforms) = postSolution
		{6d88bd42-770e-0c4f-ab04-41ebe575202a}.Debug|Any CPU.ActiveCfg = Debug|Any CPU
		{6d88bd42-770e-0c4f-ab04-41ebe575202a}.Debug|Any CPU.Build.0 = Debug|Any CPU
		{a923fe0c-bc51-835c-a5b5-29404f82c3ac}.Debug|Any CPU.ActiveCfg = Debug|Any CPU
		{a923fe0c-bc51-835c-a5b5-29404f82c3ac}.Debug|Any CPU.Build.0 = Debug|Any CPU
		{10711081-cb1e-8043-ccf5-0aa4e78ed34a}.Debug|Any CPU.ActiveCfg = Debug|Any CPU
		{10711081-cb1e-8043-ccf5-0aa4e78ed34a}.Debug|Any CPU.Build.0 = Debug|Any CPU
		{fe018bab-9d82-f5dd-79ca-1e290d783e96}.Debug|Any CPU.ActiveCfg = Debug|Any CPU
		{fe018bab-9d82-f5dd-79ca-1e290d783e96}.Debug|Any CPU.Build.0 = Debug|Any CPU
		{e76bf716-8cab-1385-15bf-a73e16fc3eb0}.Debug|Any CPU.ActiveCfg = Debug|Any CPU
		{e76bf716-8cab-1385-15bf-a73e16fc3eb0}.Debug|Any CPU.Build.0 = Debug|Any CPU
		{44e6a57d-fdb0-fc65-25a1-a0bf50cafc01}.Debug|Any CPU.ActiveCfg = Debug|Any CPU
		{44e6a57d-fdb0-fc65-25a1-a0bf50cafc01}.Debug|Any CPU.Build.0 = Debug|Any CPU
		{7540ec71-31c5-ea59-ce97-678297dd4bda}.Debug|Any CPU.ActiveCfg = Debug|Any CPU
		{7540ec71-31c5-ea59-ce97-678297dd4bda}.Debug|Any CPU.Build.0 = Debug|Any CPU
		{08c05a9b-257d-ee4d-06c4-d5df74b8359f}.Debug|Any CPU.ActiveCfg = Debug|Any CPU
		{08c05a9b-257d-ee4d-06c4-d5df74b8359f}.Debug|Any CPU.Build.0 = Debug|Any CPU
		{5c98230e-90c1-f5a5-3db6-eb86795b58ba}.Debug|Any CPU.ActiveCfg = Debug|Any CPU
		{5c98230e-90c1-f5a5-3db6-eb86795b58ba}.Debug|Any CPU.Build.0 = Debug|Any CPU
		{b07f858e-659c-f722-8cd1-94e5da519ea9}.Debug|Any CPU.ActiveCfg = Debug|Any CPU
		{b07f858e-659c-f722-8cd1-94e5da519ea9}.Debug|Any CPU.Build.0 = Debug|Any CPU
		{01bb003f-4beb-12ce-8bbb-1378bd8966fc}.Debug|Any CPU.ActiveCfg = Debug|Any CPU
		{01bb003f-4beb-12ce-8bbb-1378bd8966fc}.Debug|Any CPU.Build.0 = Debug|Any CPU
	EndGlobalSection
	GlobalSection(SolutionProperties) = preSolution
		HideSolutionNode = FALSE
	EndGlobalSection
EndGlobal
